PODS:
  - imgZipReName (0.0.1):
    - imgZipReName/Source (= 0.0.1)
  - imgZipReName/Source (0.0.1):
    - ZIPFoundation (~> 0.9.12)
  - ZIPFoundation (0.9.13)

DEPENDENCIES:
  - imgZipReName (from `../`)

SPEC REPOS:
  trunk:
    - ZIPFoundation

EXTERNAL SOURCES:
  imgZipReName:
    :path: "../"

SPEC CHECKSUMS:
  imgZipReName: 55c9c53efebe0f63792454ddaed17963a660e876
  ZIPFoundation: ae5b4b813d216d3bf0a148773267fff14bd51d37

PODFILE CHECKSUM: e16d2a3495b86f5652d92a7dcacbcf3ba051041e

COCOAPODS: 1.11.2
