PODS:
  - imgZipReName (0.0.2):
    - imgZipReName/Source (= 0.0.2)
    - ZIPFoundation (~> 0.9.12)
  - imgZipReName/Source (0.0.2):
    - ZIPFoundation (~> 0.9.12)
  - ZIPFoundation (0.9.13)

DEPENDENCIES:
  - imgZipReName (from `../`)

SPEC REPOS:
  trunk:
    - ZIPFoundation

EXTERNAL SOURCES:
  imgZipReName:
    :path: "../"

SPEC CHECKSUMS:
  imgZipReName: bd63c9c99f89dbe85d0ba92b54d4ebdfabadedc4
  ZIPFoundation: ae5b4b813d216d3bf0a148773267fff14bd51d37

PODFILE CHECKSUM: 3d550442ae6ef9e1abf189a45704732f91fc9ff1

COCOAPODS: 1.11.2
